
Microsoft Visual Studio Solution File, Format Version 12.00
# Visual Studio 15
VisualStudioVersion = 15.0.28307.1758
MinimumVisualStudioVersion = 10.0.40219.1
Project("{8BC9CEB8-8B4A-11D0-8D11-00A0C91BC942}") = "FeatureCatalog", "FeatureCatalog\FeatureCatalog.vcxproj", "{4964C844-DAE9-4DD3-B9D9-DAA7520D019A}"
EndProject
Project("{8BC9CEB8-8B4A-11D0-8D11-00A0C91BC942}") = "GeoMetryLibrary", "GeoMetryLibrary\GeoMetryLibrary.vcxproj", "{A95F413A-D144-4140-8E51-05D2E2BA5770}"
EndProject
Project("{8BC9CEB8-8B4A-11D0-8D11-00A0C91BC942}") = "GISLibrary", "GISLibrary\GISLibrary.vcxproj", "{AD396C19-6F9E-4F51-AC6E-AB02A1348795}"
EndProject
Project("{8BC9CEB8-8B4A-11D0-8D11-00A0C91BC942}") = "LatLonUtility", "LatLonUtility\LatLonUtility.vcxproj", "{D87F9640-70B7-4695-85C5-105BA24FA7C0}"
EndProject
Project("{8BC9CEB8-8B4A-11D0-8D11-00A0C91BC942}") = "LibMFCUtil", "LibMFCUtil\LibMFCUtil.vcxproj", "{423E4835-A278-43C4-AD2D-E8A4D0C98F8A}"
EndProject
Project("{8BC9CEB8-8B4A-11D0-8D11-00A0C91BC942}") = "LuaScriptingReference", "LuaScriptingReference\LuaScriptingReference.vcxproj", "{33943243-A35E-42C3-AD7E-B6BE65F4BC47}"
EndProject
Project("{8BC9CEB8-8B4A-11D0-8D11-00A0C91BC942}") = "S100Geometry", "S100Geometry\S100Geometry.vcxproj", "{8748CC36-D24A-426B-9ECE-FEC57A3F80EA}"
EndProject
Project("{8BC9CEB8-8B4A-11D0-8D11-00A0C91BC942}") = "S100Engine", "S100Engine\S100Engine.vcxproj", "{E3F7A8CB-3453-4046-A4FC-94BB8769021A}"
EndProject
Project("{8BC9CEB8-8B4A-11D0-8D11-00A0C91BC942}") = "S100_SVG_D2D1_DLL", "S100_SVG_D2D1_DLL\S100_SVG_D2D1_DLL.vcxproj", "{50452E5A-6E4B-4374-A0E7-C717B2E89CA3}"
EndProject
Project("{2150E333-8FDC-42A3-9474-1A3956D46DE8}") = "02. DLL", "02. DLL", "{C43ED9D6-C4D3-482C-A5F6-988151303AAE}"
EndProject
Project("{2150E333-8FDC-42A3-9474-1A3956D46DE8}") = "01. LIB", "01. LIB", "{82175858-1DA0-4154-8932-B2A0B981C3AB}"
EndProject
Project("{8BC9CEB8-8B4A-11D0-8D11-00A0C91BC942}") = "OpenS100", "OpenS100\OpenS100.vcxproj", "{A75C28D3-AD27-4EB1-AFA1-D7DDC022DF2C}"
EndProject
Project("{2150E333-8FDC-42A3-9474-1A3956D46DE8}") = "03. EXE", "03. EXE", "{040DA2A2-4C71-4678-9A4F-C744F3E9C586}"
EndProject
Project("{8BC9CEB8-8B4A-11D0-8D11-00A0C91BC942}") = "PortrayalCatalogue", "PortrayalCatalogue\PortrayalCatalogue.vcxproj", "{8EE76986-C155-4907-9088-D146AE47EBC8}"
EndProject
Project("{8BC9CEB8-8B4A-11D0-8D11-00A0C91BC942}") = "PC_VisualTool", "PC_VisualTool\PC_VisualTool.vcxproj", "{1C7467BB-426C-4AAF-A38A-DD6FD92EE5BB}"
EndProject
Global
	GlobalSection(SolutionConfigurationPlatforms) = preSolution
		Debug|x64 = Debug|x64
		Debug|x86 = Debug|x86
		Release|x64 = Release|x64
		Release|x86 = Release|x86
	EndGlobalSection
	GlobalSection(ProjectConfigurationPlatforms) = postSolution
		{4964C844-DAE9-4DD3-B9D9-DAA7520D019A}.Debug|x64.ActiveCfg = Debug|x64
		{4964C844-DAE9-4DD3-B9D9-DAA7520D019A}.Debug|x64.Build.0 = Debug|x64
		{4964C844-DAE9-4DD3-B9D9-DAA7520D019A}.Debug|x86.ActiveCfg = Debug|Win32
		{4964C844-DAE9-4DD3-B9D9-DAA7520D019A}.Debug|x86.Build.0 = Debug|Win32
		{4964C844-DAE9-4DD3-B9D9-DAA7520D019A}.Release|x64.ActiveCfg = Release|x64
		{4964C844-DAE9-4DD3-B9D9-DAA7520D019A}.Release|x64.Build.0 = Release|x64
		{4964C844-DAE9-4DD3-B9D9-DAA7520D019A}.Release|x86.ActiveCfg = Release|Win32
		{4964C844-DAE9-4DD3-B9D9-DAA7520D019A}.Release|x86.Build.0 = Release|Win32
		{A95F413A-D144-4140-8E51-05D2E2BA5770}.Debug|x64.ActiveCfg = Debug|x64
		{A95F413A-D144-4140-8E51-05D2E2BA5770}.Debug|x64.Build.0 = Debug|x64
		{A95F413A-D144-4140-8E51-05D2E2BA5770}.Debug|x86.ActiveCfg = Debug|Win32
		{A95F413A-D144-4140-8E51-05D2E2BA5770}.Debug|x86.Build.0 = Debug|Win32
		{A95F413A-D144-4140-8E51-05D2E2BA5770}.Release|x64.ActiveCfg = Release|x64
		{A95F413A-D144-4140-8E51-05D2E2BA5770}.Release|x64.Build.0 = Release|x64
		{A95F413A-D144-4140-8E51-05D2E2BA5770}.Release|x86.ActiveCfg = Release|Win32
		{A95F413A-D144-4140-8E51-05D2E2BA5770}.Release|x86.Build.0 = Release|Win32
		{AD396C19-6F9E-4F51-AC6E-AB02A1348795}.Debug|x64.ActiveCfg = Debug|x64
		{AD396C19-6F9E-4F51-AC6E-AB02A1348795}.Debug|x64.Build.0 = Debug|x64
		{AD396C19-6F9E-4F51-AC6E-AB02A1348795}.Debug|x86.ActiveCfg = Debug|Win32
		{AD396C19-6F9E-4F51-AC6E-AB02A1348795}.Debug|x86.Build.0 = Debug|Win32
		{AD396C19-6F9E-4F51-AC6E-AB02A1348795}.Release|x64.ActiveCfg = Release|x64
		{AD396C19-6F9E-4F51-AC6E-AB02A1348795}.Release|x64.Build.0 = Release|x64
		{AD396C19-6F9E-4F51-AC6E-AB02A1348795}.Release|x86.ActiveCfg = Release|Win32
		{AD396C19-6F9E-4F51-AC6E-AB02A1348795}.Release|x86.Build.0 = Release|Win32
		{D87F9640-70B7-4695-85C5-105BA24FA7C0}.Debug|x64.ActiveCfg = Debug|x64
		{D87F9640-70B7-4695-85C5-105BA24FA7C0}.Debug|x64.Build.0 = Debug|x64
		{D87F9640-70B7-4695-85C5-105BA24FA7C0}.Debug|x86.ActiveCfg = Debug|Win32
		{D87F9640-70B7-4695-85C5-105BA24FA7C0}.Debug|x86.Build.0 = Debug|Win32
		{D87F9640-70B7-4695-85C5-105BA24FA7C0}.Release|x64.ActiveCfg = Release|x64
		{D87F9640-70B7-4695-85C5-105BA24FA7C0}.Release|x64.Build.0 = Release|x64
		{D87F9640-70B7-4695-85C5-105BA24FA7C0}.Release|x86.ActiveCfg = Release|Win32
		{D87F9640-70B7-4695-85C5-105BA24FA7C0}.Release|x86.Build.0 = Release|Win32
		{423E4835-A278-43C4-AD2D-E8A4D0C98F8A}.Debug|x64.ActiveCfg = Debug|x64
		{423E4835-A278-43C4-AD2D-E8A4D0C98F8A}.Debug|x64.Build.0 = Debug|x64
		{423E4835-A278-43C4-AD2D-E8A4D0C98F8A}.Debug|x86.ActiveCfg = Debug|Win32
		{423E4835-A278-43C4-AD2D-E8A4D0C98F8A}.Debug|x86.Build.0 = Debug|Win32
		{423E4835-A278-43C4-AD2D-E8A4D0C98F8A}.Release|x64.ActiveCfg = Release|x64
		{423E4835-A278-43C4-AD2D-E8A4D0C98F8A}.Release|x64.Build.0 = Release|x64
		{423E4835-A278-43C4-AD2D-E8A4D0C98F8A}.Release|x86.ActiveCfg = Release|Win32
		{423E4835-A278-43C4-AD2D-E8A4D0C98F8A}.Release|x86.Build.0 = Release|Win32
		{33943243-A35E-42C3-AD7E-B6BE65F4BC47}.Debug|x64.ActiveCfg = Debug|x64
		{33943243-A35E-42C3-AD7E-B6BE65F4BC47}.Debug|x64.Build.0 = Debug|x64
		{33943243-A35E-42C3-AD7E-B6BE65F4BC47}.Debug|x86.ActiveCfg = Debug|Win32
		{33943243-A35E-42C3-AD7E-B6BE65F4BC47}.Debug|x86.Build.0 = Debug|Win32
		{33943243-A35E-42C3-AD7E-B6BE65F4BC47}.Release|x64.ActiveCfg = Release|x64
		{33943243-A35E-42C3-AD7E-B6BE65F4BC47}.Release|x64.Build.0 = Release|x64
		{33943243-A35E-42C3-AD7E-B6BE65F4BC47}.Release|x86.ActiveCfg = Release|Win32
		{33943243-A35E-42C3-AD7E-B6BE65F4BC47}.Release|x86.Build.0 = Release|Win32
		{8748CC36-D24A-426B-9ECE-FEC57A3F80EA}.Debug|x64.ActiveCfg = Debug|x64
		{8748CC36-D24A-426B-9ECE-FEC57A3F80EA}.Debug|x64.Build.0 = Debug|x64
		{8748CC36-D24A-426B-9ECE-FEC57A3F80EA}.Debug|x86.ActiveCfg = Debug|Win32
		{8748CC36-D24A-426B-9ECE-FEC57A3F80EA}.Debug|x86.Build.0 = Debug|Win32
		{8748CC36-D24A-426B-9ECE-FEC57A3F80EA}.Release|x64.ActiveCfg = Release|x64
		{8748CC36-D24A-426B-9ECE-FEC57A3F80EA}.Release|x64.Build.0 = Release|x64
		{8748CC36-D24A-426B-9ECE-FEC57A3F80EA}.Release|x86.ActiveCfg = Release|Win32
		{8748CC36-D24A-426B-9ECE-FEC57A3F80EA}.Release|x86.Build.0 = Release|Win32
		{E3F7A8CB-3453-4046-A4FC-94BB8769021A}.Debug|x64.ActiveCfg = Debug|x64
		{E3F7A8CB-3453-4046-A4FC-94BB8769021A}.Debug|x64.Build.0 = Debug|x64
		{E3F7A8CB-3453-4046-A4FC-94BB8769021A}.Debug|x86.ActiveCfg = Debug|Win32
		{E3F7A8CB-3453-4046-A4FC-94BB8769021A}.Debug|x86.Build.0 = Debug|Win32
		{E3F7A8CB-3453-4046-A4FC-94BB8769021A}.Release|x64.ActiveCfg = Release|x64
		{E3F7A8CB-3453-4046-A4FC-94BB8769021A}.Release|x64.Build.0 = Release|x64
		{E3F7A8CB-3453-4046-A4FC-94BB8769021A}.Release|x86.ActiveCfg = Release|Win32
		{E3F7A8CB-3453-4046-A4FC-94BB8769021A}.Release|x86.Build.0 = Release|Win32
		{50452E5A-6E4B-4374-A0E7-C717B2E89CA3}.Debug|x64.ActiveCfg = Debug|x64
		{50452E5A-6E4B-4374-A0E7-C717B2E89CA3}.Debug|x64.Build.0 = Debug|x64
		{50452E5A-6E4B-4374-A0E7-C717B2E89CA3}.Debug|x86.ActiveCfg = Debug|Win32
		{50452E5A-6E4B-4374-A0E7-C717B2E89CA3}.Debug|x86.Build.0 = Debug|Win32
		{50452E5A-6E4B-4374-A0E7-C717B2E89CA3}.Release|x64.ActiveCfg = Release|x64
		{50452E5A-6E4B-4374-A0E7-C717B2E89CA3}.Release|x64.Build.0 = Release|x64
		{50452E5A-6E4B-4374-A0E7-C717B2E89CA3}.Release|x86.ActiveCfg = Release|Win32
		{50452E5A-6E4B-4374-A0E7-C717B2E89CA3}.Release|x86.Build.0 = Release|Win32
		{A75C28D3-AD27-4EB1-AFA1-D7DDC022DF2C}.Debug|x64.ActiveCfg = Debug|x64
		{A75C28D3-AD27-4EB1-AFA1-D7DDC022DF2C}.Debug|x64.Build.0 = Debug|x64
		{A75C28D3-AD27-4EB1-AFA1-D7DDC022DF2C}.Debug|x86.ActiveCfg = Debug|Win32
		{A75C28D3-AD27-4EB1-AFA1-D7DDC022DF2C}.Debug|x86.Build.0 = Debug|Win32
		{A75C28D3-AD27-4EB1-AFA1-D7DDC022DF2C}.Release|x64.ActiveCfg = Release|x64
		{A75C28D3-AD27-4EB1-AFA1-D7DDC022DF2C}.Release|x64.Build.0 = Release|x64
		{A75C28D3-AD27-4EB1-AFA1-D7DDC022DF2C}.Release|x86.ActiveCfg = Release|Win32
		{A75C28D3-AD27-4EB1-AFA1-D7DDC022DF2C}.Release|x86.Build.0 = Release|Win32
		{8EE76986-C155-4907-9088-D146AE47EBC8}.Debug|x64.ActiveCfg = Debug|x64
		{8EE76986-C155-4907-9088-D146AE47EBC8}.Debug|x64.Build.0 = Debug|x64
		{8EE76986-C155-4907-9088-D146AE47EBC8}.Debug|x86.ActiveCfg = Debug|Win32
		{8EE76986-C155-4907-9088-D146AE47EBC8}.Debug|x86.Build.0 = Debug|Win32
		{8EE76986-C155-4907-9088-D146AE47EBC8}.Release|x64.ActiveCfg = Release|x64
		{8EE76986-C155-4907-9088-D146AE47EBC8}.Release|x64.Build.0 = Release|x64
		{8EE76986-C155-4907-9088-D146AE47EBC8}.Release|x86.ActiveCfg = Release|Win32
		{8EE76986-C155-4907-9088-D146AE47EBC8}.Release|x86.Build.0 = Release|Win32
		{1C7467BB-426C-4AAF-A38A-DD6FD92EE5BB}.Debug|x64.ActiveCfg = Debug|x64
		{1C7467BB-426C-4AAF-A38A-DD6FD92EE5BB}.Debug|x64.Build.0 = Debug|x64
		{1C7467BB-426C-4AAF-A38A-DD6FD92EE5BB}.Debug|x86.ActiveCfg = Debug|Win32
		{1C7467BB-426C-4AAF-A38A-DD6FD92EE5BB}.Debug|x86.Build.0 = Debug|Win32
		{1C7467BB-426C-4AAF-A38A-DD6FD92EE5BB}.Release|x64.ActiveCfg = Release|x64
		{1C7467BB-426C-4AAF-A38A-DD6FD92EE5BB}.Release|x64.Build.0 = Release|x64
		{1C7467BB-426C-4AAF-A38A-DD6FD92EE5BB}.Release|x86.ActiveCfg = Release|Win32
		{1C7467BB-426C-4AAF-A38A-DD6FD92EE5BB}.Release|x86.Build.0 = Release|Win32
	EndGlobalSection
	GlobalSection(SolutionProperties) = preSolution
		HideSolutionNode = FALSE
	EndGlobalSection
	GlobalSection(NestedProjects) = preSolution
		{4964C844-DAE9-4DD3-B9D9-DAA7520D019A} = {82175858-1DA0-4154-8932-B2A0B981C3AB}
		{A95F413A-D144-4140-8E51-05D2E2BA5770} = {82175858-1DA0-4154-8932-B2A0B981C3AB}
		{AD396C19-6F9E-4F51-AC6E-AB02A1348795} = {82175858-1DA0-4154-8932-B2A0B981C3AB}
		{D87F9640-70B7-4695-85C5-105BA24FA7C0} = {82175858-1DA0-4154-8932-B2A0B981C3AB}
		{423E4835-A278-43C4-AD2D-E8A4D0C98F8A} = {C43ED9D6-C4D3-482C-A5F6-988151303AAE}
		{33943243-A35E-42C3-AD7E-B6BE65F4BC47} = {C43ED9D6-C4D3-482C-A5F6-988151303AAE}
		{8748CC36-D24A-426B-9ECE-FEC57A3F80EA} = {82175858-1DA0-4154-8932-B2A0B981C3AB}
		{E3F7A8CB-3453-4046-A4FC-94BB8769021A} = {82175858-1DA0-4154-8932-B2A0B981C3AB}
		{50452E5A-6E4B-4374-A0E7-C717B2E89CA3} = {82175858-1DA0-4154-8932-B2A0B981C3AB}
		{A75C28D3-AD27-4EB1-AFA1-D7DDC022DF2C} = {040DA2A2-4C71-4678-9A4F-C744F3E9C586}
		{8EE76986-C155-4907-9088-D146AE47EBC8} = {82175858-1DA0-4154-8932-B2A0B981C3AB}
		{1C7467BB-426C-4AAF-A38A-DD6FD92EE5BB} = {040DA2A2-4C71-4678-9A4F-C744F3E9C586}
	EndGlobalSection
	GlobalSection(ExtensibilityGlobals) = postSolution
		SolutionGuid = {9DBB4161-CC31-448C-AD91-21B8AB1E3868}
	EndGlobalSection
EndGlobal
