<?xml version="1.0" encoding="utf-8"?>
<Project ToolsVersion="4.0" xmlns="http://schemas.microsoft.com/developer/msbuild/2003">
  <ItemGroup>
    <Filter Include="Header Files">
      <UniqueIdentifier>{93995380-89BD-4b04-88EB-625FBE52EBFB}</UniqueIdentifier>
      <Extensions>h;hh;hpp;hxx;hm;inl;inc;ipp;xsd</Extensions>
    </Filter>
    <Filter Include="Source Files">
      <UniqueIdentifier>{4FC737F1-C7A5-4376-A066-2A32D752A2FF}</UniqueIdentifier>
      <Extensions>cpp;c;cc;cxx;def;odl;idl;hpj;bat;asm;asmx</Extensions>
    </Filter>
    <Filter Include="Resource Files">
      <UniqueIdentifier>{67DA6AB6-F800-4c08-8B7A-83BB121AAD01}</UniqueIdentifier>
      <Extensions>rc;ico;cur;bmp;dlg;rc2;rct;bin;rgs;gif;jpg;jpeg;jpe;resx;tiff;tif;png;wav;mfcribbon-ms</Extensions>
    </Filter>
  </ItemGroup>
  <ItemGroup>
    <ClCompile Include="S100Engine.cpp">
      <Filter>Source Files</Filter>
    </ClCompile>
    <ClCompile Include="stdafx.cpp">
      <Filter>Source Files</Filter>
    </ClCompile>
    <ClCompile Include="AbstractLineStyle.cpp">
      <Filter>Source Files</Filter>
    </ClCompile>
    <ClCompile Include="AreaFill.cpp">
      <Filter>Source Files</Filter>
    </ClCompile>
    <ClCompile Include="AreaFillInfo.cpp">
      <Filter>Source Files</Filter>
    </ClCompile>
    <ClCompile Include="AreaInstruction.cpp">
      <Filter>Source Files</Filter>
    </ClCompile>
    <ClCompile Include="AreaPatternBitmap.cpp">
      <Filter>Source Files</Filter>
    </ClCompile>
    <ClCompile Include="AugmentedArea.cpp">
      <Filter>Source Files</Filter>
    </ClCompile>
    <ClCompile Include="AugmentedGeometry.cpp">
      <Filter>Source Files</Filter>
    </ClCompile>
    <ClCompile Include="AugmentedLineOrArea.cpp">
      <Filter>Source Files</Filter>
    </ClCompile>
    <ClCompile Include="AugmentedPath.cpp">
      <Filter>Source Files</Filter>
    </ClCompile>
    <ClCompile Include="AugmentedPoint.cpp">
      <Filter>Source Files</Filter>
    </ClCompile>
    <ClCompile Include="AugmentedRay.cpp">
      <Filter>Source Files</Filter>
    </ClCompile>
    <ClCompile Include="BackgroundLayer.cpp">
      <Filter>Source Files</Filter>
    </ClCompile>
    <ClCompile Include="BackgroundSHPFile.cpp">
      <Filter>Source Files</Filter>
    </ClCompile>
    <ClCompile Include="Circle.cpp">
      <Filter>Source Files</Filter>
    </ClCompile>
    <ClCompile Include="Class_S101_Base.cpp">
      <Filter>Source Files</Filter>
    </ClCompile>
    <ClCompile Include="Color.cpp">
      <Filter>Source Files</Filter>
    </ClCompile>
    <ClCompile Include="Colors.cpp">
      <Filter>Source Files</Filter>
    </ClCompile>
    <ClCompile Include="CompositeLineStyle.cpp">
      <Filter>Source Files</Filter>
    </ClCompile>
    <ClCompile Include="CoverageFill.cpp">
      <Filter>Source Files</Filter>
    </ClCompile>
    <ClCompile Include="CoverageInstruction.cpp">
      <Filter>Source Files</Filter>
    </ClCompile>
    <ClCompile Include="CRSType.cpp">
      <Filter>Source Files</Filter>
    </ClCompile>
    <ClCompile Include="Dash.cpp">
      <Filter>Source Files</Filter>
    </ClCompile>
    <ClCompile Include="DisplayList.cpp">
      <Filter>Source Files</Filter>
    </ClCompile>
    <ClCompile Include="DrawingInstruction.cpp">
      <Filter>Source Files</Filter>
    </ClCompile>
    <ClCompile Include="FeatureReference.cpp">
      <Filter>Source Files</Filter>
    </ClCompile>
    <ClCompile Include="figure.cpp">
      <Filter>Source Files</Filter>
    </ClCompile>
    <ClCompile Include="Item.cpp">
      <Filter>Source Files</Filter>
    </ClCompile>
    <ClCompile Include="Line.cpp">
      <Filter>Source Files</Filter>
    </ClCompile>
    <ClCompile Include="LineInstruction.cpp">
      <Filter>Source Files</Filter>
    </ClCompile>
    <ClCompile Include="LineStyle.cpp">
      <Filter>Source Files</Filter>
    </ClCompile>
    <ClCompile Include="LineStyleInfo.cpp">
      <Filter>Source Files</Filter>
    </ClCompile>
    <ClCompile Include="LineStyleReference.cpp">
      <Filter>Source Files</Filter>
    </ClCompile>
    <ClCompile Include="LineStyles.cpp">
      <Filter>Source Files</Filter>
    </ClCompile>
    <ClCompile Include="LineSymbol.cpp">
      <Filter>Source Files</Filter>
    </ClCompile>
    <ClCompile Include="NullInstruction.cpp">
      <Filter>Source Files</Filter>
    </ClCompile>
    <ClCompile Include="Palette.cpp">
      <Filter>Source Files</Filter>
    </ClCompile>
    <ClCompile Include="Path.cpp">
      <Filter>Source Files</Filter>
    </ClCompile>
    <ClCompile Include="Pen.cpp">
      <Filter>Source Files</Filter>
    </ClCompile>
    <ClCompile Include="PivotPoint.cpp">
      <Filter>Source Files</Filter>
    </ClCompile>
    <ClCompile Include="Point.cpp">
      <Filter>Source Files</Filter>
    </ClCompile>
    <ClCompile Include="PointInstruction.cpp">
      <Filter>Source Files</Filter>
    </ClCompile>
    <ClCompile Include="Rectangle.cpp">
      <Filter>Source Files</Filter>
    </ClCompile>
    <ClCompile Include="S100ColorProfile.cpp">
      <Filter>Source Files</Filter>
    </ClCompile>
    <ClCompile Include="S100Data.cpp">
      <Filter>Source Files</Filter>
    </ClCompile>
    <ClCompile Include="S100DatasetManager.cpp">
      <Filter>Source Files</Filter>
    </ClCompile>
    <ClCompile Include="S100DrawingUnit.cpp">
      <Filter>Source Files</Filter>
    </ClCompile>
    <ClCompile Include="S100DrawingUnitPatternPolygon.cpp">
      <Filter>Source Files</Filter>
    </ClCompile>
    <ClCompile Include="S100DrawingUnitPoint.cpp">
      <Filter>Source Files</Filter>
    </ClCompile>
    <ClCompile Include="S100DrawingUnitPolygon.cpp">
      <Filter>Source Files</Filter>
    </ClCompile>
    <ClCompile Include="S100DrawingUnitPolyLine.cpp">
      <Filter>Source Files</Filter>
    </ClCompile>
    <ClCompile Include="S100PCLineStylesReader.cpp">
      <Filter>Source Files</Filter>
    </ClCompile>
    <ClCompile Include="S100PCManager.cpp">
      <Filter>Source Files</Filter>
    </ClCompile>
    <ClCompile Include="S100Render.cpp">
      <Filter>Source Files</Filter>
    </ClCompile>
    <ClCompile Include="S100SymbolManager.cpp">
      <Filter>Source Files</Filter>
    </ClCompile>
    <ClCompile Include="S101Dataset.cpp">
      <Filter>Source Files</Filter>
    </ClCompile>
    <ClCompile Include="S101SENC.cpp">
      <Filter>Source Files</Filter>
    </ClCompile>
    <ClCompile Include="SHPPoint.cpp">
      <Filter>Source Files</Filter>
    </ClCompile>
    <ClCompile Include="SHPPolygon.cpp">
      <Filter>Source Files</Filter>
    </ClCompile>
    <ClCompile Include="SpatialReference.cpp">
      <Filter>Source Files</Filter>
    </ClCompile>
    <ClCompile Include="SRGB.cpp">
      <Filter>Source Files</Filter>
    </ClCompile>
    <ClCompile Include="SVGReader.cpp">
      <Filter>Source Files</Filter>
    </ClCompile>
    <ClCompile Include="Text.cpp">
      <Filter>Source Files</Filter>
    </ClCompile>
    <ClCompile Include="TextInstruction.cpp">
      <Filter>Source Files</Filter>
    </ClCompile>
    <ClCompile Include="GraphicBasePackage.cpp">
      <Filter>Source Files</Filter>
    </ClCompile>
    <ClCompile Include="S100DrawingUnitTextPoint.cpp">
      <Filter>Source Files</Filter>
    </ClCompile>
    <ClCompile Include="DrawingInstructionReader.cpp">
      <Filter>Source Files</Filter>
    </ClCompile>
    <ClCompile Include="GraphicBasePackage_Point.cpp">
      <Filter>Source Files</Filter>
    </ClCompile>
    <ClCompile Include="GraphicBasePackage_OverrideColor.cpp">
      <Filter>Source Files</Filter>
    </ClCompile>
    <ClCompile Include="GraphicBasePackage_Pixmap.cpp">
      <Filter>Source Files</Filter>
    </ClCompile>
    <ClCompile Include="GraphicBasePackage_Sector.cpp">
      <Filter>Source Files</Filter>
    </ClCompile>
    <ClCompile Include="GraphicBasePackage_Path.cpp">
      <Filter>Source Files</Filter>
    </ClCompile>
    <ClCompile Include="GraphicBasePackage_ArcByRadius.cpp">
      <Filter>Source Files</Filter>
    </ClCompile>
    <ClCompile Include="GraphicBasePackage_Annulus.cpp">
      <Filter>Source Files</Filter>
    </ClCompile>
    <ClCompile Include="S100DrawingUnitAugmentedPath.cpp">
      <Filter>Source Files</Filter>
    </ClCompile>
    <ClCompile Include="S100DrawingUnitAugmentedRay.cpp">
      <Filter>Source Files</Filter>
    </ClCompile>
    <ClCompile Include="AbstractAreaFill.cpp">
      <Filter>Source Files</Filter>
    </ClCompile>
    <ClCompile Include="TextPoint.cpp">
      <Filter>Source Files</Filter>
    </ClCompile>
    <ClCompile Include="TextLine.cpp">
      <Filter>Source Files</Filter>
    </ClCompile>
    <ClCompile Include="TextElement.cpp">
      <Filter>Source Files</Filter>
    </ClCompile>
    <ClCompile Include="Font.cpp">
      <Filter>Source Files</Filter>
    </ClCompile>
    <ClCompile Include="FontReference.cpp">
      <Filter>Source Files</Filter>
    </ClCompile>
    <ClCompile Include="FontCharacteristics.cpp">
      <Filter>Source Files</Filter>
    </ClCompile>
    <ClCompile Include="TextFlags.cpp">
      <Filter>Source Files</Filter>
    </ClCompile>
  </ItemGroup>
  <ItemGroup>
    <None Include="S100Engine.def">
      <Filter>Source Files</Filter>
    </None>
    <None Include="res\S100Engine.rc2">
      <Filter>Resource Files</Filter>
    </None>
  </ItemGroup>
  <ItemGroup>
    <ClInclude Include="stdafx.h">
      <Filter>Header Files</Filter>
    </ClInclude>
    <ClInclude Include="targetver.h">
      <Filter>Header Files</Filter>
    </ClInclude>
    <ClInclude Include="Resource.h">
      <Filter>Header Files</Filter>
    </ClInclude>
    <ClInclude Include="S100Engine.h">
      <Filter>Header Files</Filter>
    </ClInclude>
    <ClInclude Include="AbstractLineStyle.h">
      <Filter>Header Files</Filter>
    </ClInclude>
    <ClInclude Include="AreaFill.h">
      <Filter>Header Files</Filter>
    </ClInclude>
    <ClInclude Include="AreaFillInfo.h">
      <Filter>Header Files</Filter>
    </ClInclude>
    <ClInclude Include="AreaInstruction.h">
      <Filter>Header Files</Filter>
    </ClInclude>
    <ClInclude Include="AreaPatternBitmap.h">
      <Filter>Header Files</Filter>
    </ClInclude>
    <ClInclude Include="AugmentedArea.h">
      <Filter>Header Files</Filter>
    </ClInclude>
    <ClInclude Include="AugmentedGeometry.h">
      <Filter>Header Files</Filter>
    </ClInclude>
    <ClInclude Include="AugmentedLineOrArea.h">
      <Filter>Header Files</Filter>
    </ClInclude>
    <ClInclude Include="AugmentedPath.h">
      <Filter>Header Files</Filter>
    </ClInclude>
    <ClInclude Include="AugmentedPoint.h">
      <Filter>Header Files</Filter>
    </ClInclude>
    <ClInclude Include="AugmentedRay.h">
      <Filter>Header Files</Filter>
    </ClInclude>
    <ClInclude Include="BackgroundLayer.h">
      <Filter>Header Files</Filter>
    </ClInclude>
    <ClInclude Include="BackgroundSHPFile.h">
      <Filter>Header Files</Filter>
    </ClInclude>
    <ClInclude Include="Circle.h">
      <Filter>Header Files</Filter>
    </ClInclude>
    <ClInclude Include="Class_S101_Base.h">
      <Filter>Header Files</Filter>
    </ClInclude>
    <ClInclude Include="Color.h">
      <Filter>Header Files</Filter>
    </ClInclude>
    <ClInclude Include="Colors.h">
      <Filter>Header Files</Filter>
    </ClInclude>
    <ClInclude Include="CompositeLineStyle.h">
      <Filter>Header Files</Filter>
    </ClInclude>
    <ClInclude Include="CoverageFill.h">
      <Filter>Header Files</Filter>
    </ClInclude>
    <ClInclude Include="CoverageInstruction.h">
      <Filter>Header Files</Filter>
    </ClInclude>
    <ClInclude Include="CRSType.h">
      <Filter>Header Files</Filter>
    </ClInclude>
    <ClInclude Include="Dash.h">
      <Filter>Header Files</Filter>
    </ClInclude>
    <ClInclude Include="DisplayList.h">
      <Filter>Header Files</Filter>
    </ClInclude>
    <ClInclude Include="DrawingInstruction.h">
      <Filter>Header Files</Filter>
    </ClInclude>
    <ClInclude Include="DrawingInstructions.h">
      <Filter>Header Files</Filter>
    </ClInclude>
    <ClInclude Include="EnumTypeOfDrawingInstruction.h">
      <Filter>Header Files</Filter>
    </ClInclude>
    <ClInclude Include="FeatureReference.h">
      <Filter>Header Files</Filter>
    </ClInclude>
    <ClInclude Include="figure.h">
      <Filter>Header Files</Filter>
    </ClInclude>
    <ClInclude Include="GraphicBasePackage.h">
      <Filter>Header Files</Filter>
    </ClInclude>
    <ClInclude Include="Item.h">
      <Filter>Header Files</Filter>
    </ClInclude>
    <ClInclude Include="Line.h">
      <Filter>Header Files</Filter>
    </ClInclude>
    <ClInclude Include="LineInstruction.h">
      <Filter>Header Files</Filter>
    </ClInclude>
    <ClInclude Include="LineStyle.h">
      <Filter>Header Files</Filter>
    </ClInclude>
    <ClInclude Include="LineStyleInfo.h">
      <Filter>Header Files</Filter>
    </ClInclude>
    <ClInclude Include="LineStyleReference.h">
      <Filter>Header Files</Filter>
    </ClInclude>
    <ClInclude Include="LineStyles.h">
      <Filter>Header Files</Filter>
    </ClInclude>
    <ClInclude Include="LineStylesPackage.h">
      <Filter>Header Files</Filter>
    </ClInclude>
    <ClInclude Include="LineStylesPackageEnum.h">
      <Filter>Header Files</Filter>
    </ClInclude>
    <ClInclude Include="LineSymbol.h">
      <Filter>Header Files</Filter>
    </ClInclude>
    <ClInclude Include="NullInstruction.h">
      <Filter>Header Files</Filter>
    </ClInclude>
    <ClInclude Include="Palette.h">
      <Filter>Header Files</Filter>
    </ClInclude>
    <ClInclude Include="Path.h">
      <Filter>Header Files</Filter>
    </ClInclude>
    <ClInclude Include="Pen.h">
      <Filter>Header Files</Filter>
    </ClInclude>
    <ClInclude Include="PivotPoint.h">
      <Filter>Header Files</Filter>
    </ClInclude>
    <ClInclude Include="Point.h">
      <Filter>Header Files</Filter>
    </ClInclude>
    <ClInclude Include="PointInstruction.h">
      <Filter>Header Files</Filter>
    </ClInclude>
    <ClInclude Include="Rectangle.h">
      <Filter>Header Files</Filter>
    </ClInclude>
    <ClInclude Include="S100BaseModelGeometricPrimitive.h">
      <Filter>Header Files</Filter>
    </ClInclude>
    <ClInclude Include="S100ColorProfile.h">
      <Filter>Header Files</Filter>
    </ClInclude>
    <ClInclude Include="S100Data.h">
      <Filter>Header Files</Filter>
    </ClInclude>
    <ClInclude Include="S100DatasetManager.h">
      <Filter>Header Files</Filter>
    </ClInclude>
    <ClInclude Include="S100DrawingUnit.h">
      <Filter>Header Files</Filter>
    </ClInclude>
    <ClInclude Include="S100DrawingUnitPatternPolygon.h">
      <Filter>Header Files</Filter>
    </ClInclude>
    <ClInclude Include="S100DrawingUnitPoint.h">
      <Filter>Header Files</Filter>
    </ClInclude>
    <ClInclude Include="S100DrawingUnitPolygon.h">
      <Filter>Header Files</Filter>
    </ClInclude>
    <ClInclude Include="S100DrawingUnitPolyLine.h">
      <Filter>Header Files</Filter>
    </ClInclude>
    <ClInclude Include="S100PCLineStylesReader.h">
      <Filter>Header Files</Filter>
    </ClInclude>
    <ClInclude Include="S100PCManager.h">
      <Filter>Header Files</Filter>
    </ClInclude>
    <ClInclude Include="S100Render.h">
      <Filter>Header Files</Filter>
    </ClInclude>
    <ClInclude Include="S100SymbolManager.h">
      <Filter>Header Files</Filter>
    </ClInclude>
    <ClInclude Include="S100Test.h">
      <Filter>Header Files</Filter>
    </ClInclude>
    <ClInclude Include="S100TestDoc.h">
      <Filter>Header Files</Filter>
    </ClInclude>
    <ClInclude Include="S100TestView.h">
      <Filter>Header Files</Filter>
    </ClInclude>
    <ClInclude Include="S101Dataset.h">
      <Filter>Header Files</Filter>
    </ClInclude>
    <ClInclude Include="S101SENC.h">
      <Filter>Header Files</Filter>
    </ClInclude>
    <ClInclude Include="SHPPoint.h">
      <Filter>Header Files</Filter>
    </ClInclude>
    <ClInclude Include="SHPPolygon.h">
      <Filter>Header Files</Filter>
    </ClInclude>
    <ClInclude Include="SpatialReference.h">
      <Filter>Header Files</Filter>
    </ClInclude>
    <ClInclude Include="SRGB.h">
      <Filter>Header Files</Filter>
    </ClInclude>
    <ClInclude Include="SVGReader.h">
      <Filter>Header Files</Filter>
    </ClInclude>
    <ClInclude Include="Text.h">
      <Filter>Header Files</Filter>
    </ClInclude>
    <ClInclude Include="TextInstruction.h">
      <Filter>Header Files</Filter>
    </ClInclude>
    <ClInclude Include="TextPackageEnum.h">
      <Filter>Header Files</Filter>
    </ClInclude>
    <ClInclude Include="SymbolPackageEnum.h">
      <Filter>Header Files</Filter>
    </ClInclude>
    <ClInclude Include="S100DrawingUnitTextPoint.h">
      <Filter>Header Files</Filter>
    </ClInclude>
    <ClInclude Include="DrawingInstructionReader.h">
      <Filter>Header Files</Filter>
    </ClInclude>
    <ClInclude Include="GraphicBasePackage_Point.h">
      <Filter>Header Files</Filter>
    </ClInclude>
    <ClInclude Include="GraphicBasePackage_Pixmap.h">
      <Filter>Header Files</Filter>
    </ClInclude>
    <ClInclude Include="GraphicBasePackage_OverrideColor.h">
      <Filter>Header Files</Filter>
    </ClInclude>
    <ClInclude Include="GraphicBasePackage_Sector.h">
      <Filter>Header Files</Filter>
    </ClInclude>
    <ClInclude Include="GraphicBasePackage_Enum.h">
      <Filter>Header Files</Filter>
    </ClInclude>
    <ClInclude Include="GraphicBasePackage_PathSegment.h">
      <Filter>Header Files</Filter>
    </ClInclude>
    <ClInclude Include="GraphicBasePackage_Path.h">
      <Filter>Header Files</Filter>
    </ClInclude>
    <ClInclude Include="GraphicBasePackage_Polyline.h">
      <Filter>Header Files</Filter>
    </ClInclude>
    <ClInclude Include="GraphicBasePackage_Arc.h">
      <Filter>Header Files</Filter>
    </ClInclude>
    <ClInclude Include="GraphicBasePackage_Arc3Points.h">
      <Filter>Header Files</Filter>
    </ClInclude>
    <ClInclude Include="GraphicBasePackage_ArcByRadius.h">
      <Filter>Header Files</Filter>
    </ClInclude>
    <ClInclude Include="GraphicBasePackage_Annulus.h">
      <Filter>Header Files</Filter>
    </ClInclude>
    <ClInclude Include="S100DrawingUnitAugmentedPath.h">
      <Filter>Header Files</Filter>
    </ClInclude>
    <ClInclude Include="S100DrawingUnitAugmentedRay.h">
      <Filter>Header Files</Filter>
    </ClInclude>
    <ClInclude Include="CStringCompareNoCaseLessThan.h">
      <Filter>Header Files</Filter>
    </ClInclude>
    <ClInclude Include="AbstractAreaFill.h">
      <Filter>Header Files</Filter>
    </ClInclude>
    <ClInclude Include="SVGGeometry.h">
      <Filter>Header Files</Filter>
    </ClInclude>
    <ClInclude Include="TextPoint.h">
      <Filter>Header Files</Filter>
    </ClInclude>
    <ClInclude Include="TextLine.h">
      <Filter>Header Files</Filter>
    </ClInclude>
    <ClInclude Include="TextElement.h">
      <Filter>Header Files</Filter>
    </ClInclude>
    <ClInclude Include="Font.h">
      <Filter>Header Files</Filter>
    </ClInclude>
    <ClInclude Include="FontReference.h">
      <Filter>Header Files</Filter>
    </ClInclude>
    <ClInclude Include="FontCharacteristics.h">
      <Filter>Header Files</Filter>
    </ClInclude>
    <ClInclude Include="TextFlags.h">
      <Filter>Header Files</Filter>
    </ClInclude>
  </ItemGroup>
  <ItemGroup>
    <ResourceCompile Include="S100Engine.rc">
      <Filter>Resource Files</Filter>
    </ResourceCompile>
  </ItemGroup>
  <ItemGroup>
    <Midl Include="S100Engine.idl">
      <Filter>Source Files</Filter>
    </Midl>
  </ItemGroup>
</Project>