<?xml version="1.0" encoding="utf-8"?>
<Project ToolsVersion="4.0" xmlns="http://schemas.microsoft.com/developer/msbuild/2003">
  <ItemGroup>
    <Filter Include="Docking">
      <UniqueIdentifier>{f0e3adc5-269b-49d8-a0c2-932fe0ed3a79}</UniqueIdentifier>
    </Filter>
    <Filter Include="Dialog">
      <UniqueIdentifier>{432fd049-1132-452a-822a-de1872ef261c}</UniqueIdentifier>
    </Filter>
    <Filter Include="Resource Files">
      <UniqueIdentifier>{67DA6AB6-F800-4c08-8B7A-83BB121AAD01}</UniqueIdentifier>
      <Extensions>rc;ico;cur;bmp;dlg;rc2;rct;bin;rgs;gif;jpg;jpeg;jpe;resx;tiff;tif;png;wav;mfcribbon-ms</Extensions>
    </Filter>
    <Filter Include="Source Files">
      <UniqueIdentifier>{4FC737F1-C7A5-4376-A066-2A32D752A2FF}</UniqueIdentifier>
      <Extensions>cpp;c;cc;cxx;c++;cppm;ixx;def;odl;idl;hpj;bat;asm;asmx</Extensions>
    </Filter>
    <Filter Include="Header Files">
      <UniqueIdentifier>{4ab65e55-aa53-47bc-bdb8-cef4a73c7c0f}</UniqueIdentifier>
    </Filter>
  </ItemGroup>
  <ItemGroup>
    <ClInclude Include="DialogDockCurrentSelection.h">
      <Filter>Dialog</Filter>
    </ClInclude>
    <ClInclude Include="DialogDockLayerManager.h">
      <Filter>Dialog</Filter>
    </ClInclude>
    <ClInclude Include="DialogDockRelation.h">
      <Filter>Dialog</Filter>
    </ClInclude>
    <ClInclude Include="DockablePaneCurrentSelection.h">
      <Filter>Docking</Filter>
    </ClInclude>
    <ClInclude Include="DockablePaneLayerManager.h">
      <Filter>Docking</Filter>
    </ClInclude>
    <ClInclude Include="DockablePaneRelation.h">
      <Filter>Docking</Filter>
    </ClInclude>
    <ClInclude Include="DockablePaneEditWindow.h">
      <Filter>Docking</Filter>
    </ClInclude>
    <ClInclude Include="OpenS100.h">
      <Filter>Header Files</Filter>
    </ClInclude>
    <ClInclude Include="OpenS100Doc.h">
      <Filter>Header Files</Filter>
    </ClInclude>
    <ClInclude Include="OpenS100View.h">
      <Filter>Header Files</Filter>
    </ClInclude>
    <ClInclude Include="MainFrm.h">
      <Filter>Header Files</Filter>
    </ClInclude>
    <ClInclude Include="pch.h">
      <Filter>Header Files</Filter>
    </ClInclude>
    <ClInclude Include="resource.h">
      <Filter>Header Files</Filter>
    </ClInclude>
    <ClInclude Include="targetver.h">
      <Filter>Header Files</Filter>
    </ClInclude>
    <ClInclude Include="framework.h">
      <Filter>Header Files</Filter>
    </ClInclude>
    <ClInclude Include="MFCTabCtrlMsgToParent.h">
      <Filter>Header Files</Filter>
    </ClInclude>
    <ClInclude Include="PropertyGridDrawingCommands.h">
      <Filter>Header Files</Filter>
    </ClInclude>
    <ClInclude Include="Common.h">
      <Filter>Header Files</Filter>
    </ClInclude>
    <ClInclude Include="FeatureCodeString.h">
      <Filter>Header Files</Filter>
    </ClInclude>
    <ClInclude Include="DialogViewInformationType.h">
      <Filter>Dialog</Filter>
    </ClInclude>
    <ClInclude Include="DialogViewNoGeometry.h">
      <Filter>Dialog</Filter>
    </ClInclude>
    <ClInclude Include="ConfigrationDlg.h">
      <Filter>Dialog</Filter>
    </ClInclude>
    <ClInclude Include="Configuration_1.h">
      <Filter>Dialog</Filter>
    </ClInclude>
    <ClInclude Include="Configuration_4.h">
      <Filter>Dialog</Filter>
    </ClInclude>
    <ClInclude Include="TreeCtrlExt.h">
      <Filter>Header Files</Filter>
    </ClInclude>
    <ClInclude Include="InformationCodeString.h">
      <Filter>Header Files</Filter>
    </ClInclude>
    <ClInclude Include="PropertyGridAttributeModify.h">
      <Filter>Header Files</Filter>
    </ClInclude>
    <ClInclude Include="PropertyGridVectorModify.h">
      <Filter>Header Files</Filter>
    </ClInclude>
  </ItemGroup>
  <ItemGroup>
    <ClCompile Include="OpenS100.cpp">
      <Filter>Source Files</Filter>
    </ClCompile>
    <ClCompile Include="MainFrm.cpp">
      <Filter>Source Files</Filter>
    </ClCompile>
    <ClCompile Include="OpenS100Doc.cpp">
      <Filter>Source Files</Filter>
    </ClCompile>
    <ClCompile Include="OpenS100View.cpp">
      <Filter>Source Files</Filter>
    </ClCompile>
    <ClCompile Include="pch.cpp">
      <Filter>Source Files</Filter>
    </ClCompile>
    <ClCompile Include="DockablePaneRelation.cpp">
      <Filter>Docking</Filter>
    </ClCompile>
    <ClCompile Include="DockablePaneCurrentSelection.cpp">
      <Filter>Docking</Filter>
    </ClCompile>
    <ClCompile Include="DockablePaneLayerManager.cpp">
      <Filter>Docking</Filter>
    </ClCompile>
    <ClCompile Include="DialogDockCurrentSelection.cpp">
      <Filter>Dialog</Filter>
    </ClCompile>
    <ClCompile Include="DialogDockLayerManager.cpp">
      <Filter>Dialog</Filter>
    </ClCompile>
    <ClCompile Include="DialogDockRelation.cpp">
      <Filter>Dialog</Filter>
    </ClCompile>
    <ClCompile Include="DockablePaneEditWindow.cpp">
      <Filter>Docking</Filter>
    </ClCompile>
    <ClCompile Include="MFCTabCtrlMsgToParent.cpp">
      <Filter>Source Files</Filter>
    </ClCompile>
    <ClCompile Include="PropertyGridDrawingCommands.cpp">
      <Filter>Source Files</Filter>
    </ClCompile>
    <ClCompile Include="FeatureCodeString.cpp">
      <Filter>Source Files</Filter>
    </ClCompile>
    <ClCompile Include="DialogViewInformationType.cpp">
      <Filter>Dialog</Filter>
    </ClCompile>
    <ClCompile Include="DialogViewNoGeometry.cpp">
      <Filter>Dialog</Filter>
    </ClCompile>
    <ClCompile Include="InformationCodeString.cpp">
      <Filter>Source Files</Filter>
    </ClCompile>
    <ClCompile Include="PropertyGridAttributeModify.cpp">
      <Filter>Source Files</Filter>
    </ClCompile>
    <ClCompile Include="PropertyGridVectorModify.cpp">
      <Filter>Source Files</Filter>
    </ClCompile>
    <ClCompile Include="TreeCtrlExt.cpp">
      <Filter>Source Files</Filter>
    </ClCompile>
    <ClCompile Include="ConfigrationDlg.cpp">
      <Filter>Dialog</Filter>
    </ClCompile>
    <ClCompile Include="Configuration_1.cpp">
      <Filter>Dialog</Filter>
    </ClCompile>
    <ClCompile Include="Configuration_4.cpp">
      <Filter>Dialog</Filter>
    </ClCompile>
  </ItemGroup>
  <ItemGroup>
    <Image Include="res\file_view.ico">
      <Filter>Resource Files</Filter>
    </Image>
    <Image Include="res\file_view_hc.ico">
      <Filter>Resource Files</Filter>
    </Image>
    <Image Include="res\class_view.ico">
      <Filter>Resource Files</Filter>
    </Image>
    <Image Include="res\class_view_hc.ico">
      <Filter>Resource Files</Filter>
    </Image>
    <Image Include="res\fileview.bmp">
      <Filter>Resource Files</Filter>
    </Image>
    <Image Include="res\fileview_hc.bmp">
      <Filter>Resource Files</Filter>
    </Image>
    <Image Include="res\classview.bmp">
      <Filter>Resource Files</Filter>
    </Image>
    <Image Include="res\classview_hc.bmp">
      <Filter>Resource Files</Filter>
    </Image>
    <Image Include="res\explorer.bmp">
      <Filter>Resource Files</Filter>
    </Image>
    <Image Include="res\explorer_hc.bmp">
      <Filter>Resource Files</Filter>
    </Image>
    <Image Include="res\sort.bmp">
      <Filter>Resource Files</Filter>
    </Image>
    <Image Include="res\sort_hc.bmp">
      <Filter>Resource Files</Filter>
    </Image>
    <Image Include="res\menuimages.bmp">
      <Filter>Resource Files</Filter>
    </Image>
    <Image Include="res\menuimages_hc.bmp">
      <Filter>Resource Files</Filter>
    </Image>
    <Image Include="res\output_wnd.ico">
      <Filter>Resource Files</Filter>
    </Image>
    <Image Include="res\output_wnd_hc.ico">
      <Filter>Resource Files</Filter>
    </Image>
    <Image Include="res\properties_wnd.ico">
      <Filter>Resource Files</Filter>
    </Image>
    <Image Include="res\properties_wnd_hc.ico">
      <Filter>Resource Files</Filter>
    </Image>
    <Image Include="res\properties.bmp">
      <Filter>Resource Files</Filter>
    </Image>
    <Image Include="res\properties_hc.bmp">
      <Filter>Resource Files</Filter>
    </Image>
    <Image Include="res\userimages.bmp">
      <Filter>Resource Files</Filter>
    </Image>
    <Image Include="res\Toolbar.bmp">
      <Filter>Resource Files</Filter>
    </Image>
    <Image Include="res\Toolbar256.bmp">
      <Filter>Resource Files</Filter>
    </Image>
    <Image Include="res\writelarge.png">
      <Filter>Resource Files</Filter>
    </Image>
    <Image Include="res\toolbar1.bmp">
      <Filter>Resource Files</Filter>
    </Image>
    <Image Include="res\UNTITLED.bmp">
      <Filter>Resource Files</Filter>
    </Image>
    <Image Include="res\toolbar3.bmp">
      <Filter>Resource Files</Filter>
    </Image>
    <Image Include="res\small.png">
      <Filter>Resource Files</Filter>
    </Image>
    <Image Include="res\pickArrow.png">
      <Filter>Resource Files</Filter>
    </Image>
    <Image Include="res\close.bmp">
      <Filter>Resource Files</Filter>
    </Image>
    <Image Include="res\OpenS100Doc.ico">
      <Filter>Resource Files</Filter>
    </Image>
    <Image Include="res\OpenS100.ico">
      <Filter>Resource Files</Filter>
    </Image>
  </ItemGroup>
  <ItemGroup>
    <None Include="POINTER.cur">
      <Filter>Resource Files</Filter>
    </None>
    <None Include="res\cursor1.cur">
      <Filter>Resource Files</Filter>
    </None>
    <None Include="res\cursor2.cur">
      <Filter>Resource Files</Filter>
    </None>
    <None Include="res\OpenS100.rc2">
      <Filter>Resource Files</Filter>
    </None>
  </ItemGroup>
  <ItemGroup>
    <ResourceCompile Include="OpenS100.rc">
      <Filter>Resource Files</Filter>
    </ResourceCompile>
  </ItemGroup>
</Project>