<?xml version="1.0" encoding="utf-8"?>
<Project ToolsVersion="4.0" xmlns="http://schemas.microsoft.com/developer/msbuild/2003">
  <ItemGroup>
    <Filter Include="Header Files">
      <UniqueIdentifier>{93995380-89BD-4b04-88EB-625FBE52EBFB}</UniqueIdentifier>
      <Extensions>h;hh;hpp;hxx;hm;inl;inc;xsd</Extensions>
    </Filter>
    <Filter Include="Source Files">
      <UniqueIdentifier>{4FC737F1-C7A5-4376-A066-2A32D752A2FF}</UniqueIdentifier>
      <Extensions>cpp;c;cc;cxx;def;odl;idl;hpj;bat;asm;asmx</Extensions>
    </Filter>
    <Filter Include="Resource Files">
      <UniqueIdentifier>{67DA6AB6-F800-4c08-8B7A-83BB121AAD01}</UniqueIdentifier>
      <Extensions>rc;ico;cur;bmp;dlg;rc2;rct;bin;rgs;gif;jpg;jpeg;jpe;resx;tiff;tif;png;wav;mfcribbon-ms</Extensions>
    </Filter>
  </ItemGroup>
  <ItemGroup>
    <Text Include="ReadMe.txt" />
  </ItemGroup>
  <ItemGroup>
    <ClCompile Include="S100_SVG_D2D1_DLL.cpp">
      <Filter>Source Files</Filter>
    </ClCompile>
    <ClCompile Include="stdafx.cpp">
      <Filter>Source Files</Filter>
    </ClCompile>
    <ClCompile Include="S100_LineStyle.cpp">
      <Filter>Source Files</Filter>
    </ClCompile>
    <ClCompile Include="SVG.cpp">
      <Filter>Source Files</Filter>
    </ClCompile>
    <ClCompile Include="SVGManager.cpp">
      <Filter>Source Files</Filter>
    </ClCompile>
    <ClCompile Include="CSS.cpp">
      <Filter>Source Files</Filter>
    </ClCompile>
    <ClCompile Include="S100_LineManager.cpp">
      <Filter>Source Files</Filter>
    </ClCompile>
    <ClCompile Include="CSSFill.cpp">
      <Filter>Source Files</Filter>
    </ClCompile>
    <ClCompile Include="UnitOfCSS.cpp">
      <Filter>Source Files</Filter>
    </ClCompile>
    <ClCompile Include="CSSOpacity.cpp">
      <Filter>Source Files</Filter>
    </ClCompile>
    <ClCompile Include="CSSDisplay.cpp">
      <Filter>Source Files</Filter>
    </ClCompile>
    <ClCompile Include="CSSStroke.cpp">
      <Filter>Source Files</Filter>
    </ClCompile>
    <ClCompile Include="CSSStrokeWidth.cpp">
      <Filter>Source Files</Filter>
    </ClCompile>
    <ClCompile Include="CSSStrokeLinecap.cpp">
      <Filter>Source Files</Filter>
    </ClCompile>
    <ClCompile Include="CSSStrokeLinejoin.cpp">
      <Filter>Source Files</Filter>
    </ClCompile>
    <ClCompile Include="Declaration.cpp">
      <Filter>Source Files</Filter>
    </ClCompile>
    <ClCompile Include="CSSStyle.cpp">
      <Filter>Source Files</Filter>
    </ClCompile>
    <ClCompile Include="Title.cpp">
      <Filter>Source Files</Filter>
    </ClCompile>
    <ClCompile Include="Description.cpp">
      <Filter>Source Files</Filter>
    </ClCompile>
    <ClCompile Include="IHO_Description.cpp">
      <Filter>Source Files</Filter>
    </ClCompile>
    <ClCompile Include="IHO_S100SVG.cpp">
      <Filter>Source Files</Filter>
    </ClCompile>
    <ClCompile Include="Metadata.cpp">
      <Filter>Source Files</Filter>
    </ClCompile>
    <ClCompile Include="DrawingPathUnit.cpp">
      <Filter>Source Files</Filter>
    </ClCompile>
    <ClCompile Include="DPoint.cpp">
      <Filter>Source Files</Filter>
    </ClCompile>
    <ClCompile Include="DArc.cpp">
      <Filter>Source Files</Filter>
    </ClCompile>
    <ClCompile Include="DrawingPattern.cpp">
      <Filter>Source Files</Filter>
    </ClCompile>
    <ClCompile Include="BoxLayout.cpp">
      <Filter>Source Files</Filter>
    </ClCompile>
    <ClCompile Include="Path.cpp">
      <Filter>Source Files</Filter>
    </ClCompile>
    <ClCompile Include="Circle.cpp">
      <Filter>Source Files</Filter>
    </ClCompile>
    <ClCompile Include="PivotPointLayout.cpp">
      <Filter>Source Files</Filter>
    </ClCompile>
    <ClCompile Include="OrgDrawingPattern.cpp">
      <Filter>Source Files</Filter>
    </ClCompile>
    <ClCompile Include="OrgPath.cpp">
      <Filter>Source Files</Filter>
    </ClCompile>
    <ClCompile Include="OrgCircle.cpp">
      <Filter>Source Files</Filter>
    </ClCompile>
    <ClCompile Include="OrgArc.cpp">
      <Filter>Source Files</Filter>
    </ClCompile>
    <ClCompile Include="SymColor.cpp">
      <Filter>Source Files</Filter>
    </ClCompile>
    <ClCompile Include="SymbolPath.cpp">
      <Filter>Source Files</Filter>
    </ClCompile>
    <ClCompile Include="SymbolCircle.cpp">
      <Filter>Source Files</Filter>
    </ClCompile>
    <ClCompile Include="Symbol.cpp">
      <Filter>Source Files</Filter>
    </ClCompile>
    <ClCompile Include="S100_LinePen.cpp">
      <Filter>Source Files</Filter>
    </ClCompile>
    <ClCompile Include="S100_Line.cpp">
      <Filter>Source Files</Filter>
    </ClCompile>
    <ClCompile Include="RealSymbol.cpp">
      <Filter>Source Files</Filter>
    </ClCompile>
  </ItemGroup>
  <ItemGroup>
    <ClInclude Include="S100_SVG_D2D1_DLL.h">
      <Filter>Header Files</Filter>
    </ClInclude>
    <ClInclude Include="stdafx.h">
      <Filter>Header Files</Filter>
    </ClInclude>
    <ClInclude Include="targetver.h">
      <Filter>Header Files</Filter>
    </ClInclude>
    <ClInclude Include="S100_LineStyle.h">
      <Filter>Header Files</Filter>
    </ClInclude>
    <ClInclude Include="SVG.h">
      <Filter>Header Files</Filter>
    </ClInclude>
    <ClInclude Include="SVGManager.h">
      <Filter>Header Files</Filter>
    </ClInclude>
    <ClInclude Include="CommonDefinition.h">
      <Filter>Header Files</Filter>
    </ClInclude>
    <ClInclude Include="CSS.h">
      <Filter>Header Files</Filter>
    </ClInclude>
    <ClInclude Include="S100_LineManager.h">
      <Filter>Header Files</Filter>
    </ClInclude>
    <ClInclude Include="DRAW_BRUSH_STRUCT.h">
      <Filter>Header Files</Filter>
    </ClInclude>
    <ClInclude Include="SymColor.h">
      <Filter>Header Files</Filter>
    </ClInclude>
    <ClInclude Include="SymbolPath.h">
      <Filter>Header Files</Filter>
    </ClInclude>
    <ClInclude Include="SymbolCircle.h">
      <Filter>Header Files</Filter>
    </ClInclude>
    <ClInclude Include="Symbol.h">
      <Filter>Header Files</Filter>
    </ClInclude>
    <ClInclude Include="RealSymbol.h">
      <Filter>Header Files</Filter>
    </ClInclude>
    <ClInclude Include="Declaration.h">
      <Filter>Header Files</Filter>
    </ClInclude>
    <ClInclude Include="S100_LinePen.h">
      <Filter>Header Files</Filter>
    </ClInclude>
    <ClInclude Include="S100_LineDash.h">
      <Filter>Header Files</Filter>
    </ClInclude>
    <ClInclude Include="S100_LineSymbol.h">
      <Filter>Header Files</Filter>
    </ClInclude>
    <ClInclude Include="S100_Line.h">
      <Filter>Header Files</Filter>
    </ClInclude>
    <ClInclude Include="S100_Pattern.h">
      <Filter>Header Files</Filter>
    </ClInclude>
    <ClInclude Include="S100_LineColor.h">
      <Filter>Header Files</Filter>
    </ClInclude>
    <ClInclude Include="RealLine.h">
      <Filter>Header Files</Filter>
    </ClInclude>
    <ClInclude Include="S100_Text.h">
      <Filter>Header Files</Filter>
    </ClInclude>
    <ClInclude Include="resource.h">
      <Filter>Header Files</Filter>
    </ClInclude>
    <ClInclude Include="CSSFill.h">
      <Filter>Header Files</Filter>
    </ClInclude>
    <ClInclude Include="UnitOfCSS.h">
      <Filter>Header Files</Filter>
    </ClInclude>
    <ClInclude Include="CSSOpacity.h">
      <Filter>Header Files</Filter>
    </ClInclude>
    <ClInclude Include="CSSDisplay.h">
      <Filter>Header Files</Filter>
    </ClInclude>
    <ClInclude Include="CSSStroke.h">
      <Filter>Header Files</Filter>
    </ClInclude>
    <ClInclude Include="CSSStrokeWidth.h">
      <Filter>Header Files</Filter>
    </ClInclude>
    <ClInclude Include="CSSStrokeLinecap.h">
      <Filter>Header Files</Filter>
    </ClInclude>
    <ClInclude Include="CSSStrokeLinejoin.h">
      <Filter>Header Files</Filter>
    </ClInclude>
    <ClInclude Include="CSSStyle.h">
      <Filter>Header Files</Filter>
    </ClInclude>
    <ClInclude Include="Title.h">
      <Filter>Header Files</Filter>
    </ClInclude>
    <ClInclude Include="Description.h">
      <Filter>Header Files</Filter>
    </ClInclude>
    <ClInclude Include="IHO_Description.h">
      <Filter>Header Files</Filter>
    </ClInclude>
    <ClInclude Include="IHO_S100SVG.h">
      <Filter>Header Files</Filter>
    </ClInclude>
    <ClInclude Include="Metadata.h">
      <Filter>Header Files</Filter>
    </ClInclude>
    <ClInclude Include="DrawingPathUnit.h">
      <Filter>Header Files</Filter>
    </ClInclude>
    <ClInclude Include="DPoint.h">
      <Filter>Header Files</Filter>
    </ClInclude>
    <ClInclude Include="DArc.h">
      <Filter>Header Files</Filter>
    </ClInclude>
    <ClInclude Include="DrawingPattern.h">
      <Filter>Header Files</Filter>
    </ClInclude>
    <ClInclude Include="BoxLayout.h">
      <Filter>Header Files</Filter>
    </ClInclude>
    <ClInclude Include="Path.h">
      <Filter>Header Files</Filter>
    </ClInclude>
    <ClInclude Include="Circle.h">
      <Filter>Header Files</Filter>
    </ClInclude>
    <ClInclude Include="PivotPointLayout.h">
      <Filter>Header Files</Filter>
    </ClInclude>
    <ClInclude Include="OrgDrawingPattern.h">
      <Filter>Header Files</Filter>
    </ClInclude>
    <ClInclude Include="OrgPath.h">
      <Filter>Header Files</Filter>
    </ClInclude>
    <ClInclude Include="OrgCircle.h">
      <Filter>Header Files</Filter>
    </ClInclude>
    <ClInclude Include="OrgArc.h">
      <Filter>Header Files</Filter>
    </ClInclude>
  </ItemGroup>
  <ItemGroup>
    <None Include="S100_SVG_D2D1_DLL.def">
      <Filter>Source Files</Filter>
    </None>
  </ItemGroup>
</Project>